
Microsoft Visual Studio Solution File, Format Version 12.00
# Visual Studio Version 17
VisualStudioVersion = 17.4.33110.190
MinimumVisualStudioVersion = 10.0.40219.1
Project("{9A19103F-16F7-4668-BE54-9A1E7A4F7556}") = "eCommerce.API", "eCommerce.API\eCommerce.API.csproj", "{4ADAF55D-A830-4875-90E4-31AE0DBDA1D4}"
EndProject
Project("{FAE04EC0-301F-11D3-BF4B-00C04F79EFBC}") = "eCommerce.SDK", "eCommerce.SDK\eCommerce.SDK.csproj", "{872C9F49-50C0-44E2-B13F-A8F860EA0F2A}"
EndProject
Project("{FAE04EC0-301F-11D3-BF4B-00C04F79EFBC}") = "eCommerce.Cross", "eCommerce.Cross\eCommerce.Cross.csproj", "{0E489864-4D6B-44CF-9CCB-0C1E70B8F8DB}"
EndProject
Project("{FAE04EC0-301F-11D3-BF4B-00C04F79EFBC}") = "eCommerce.Infrastructure", "eCommerce.Infrastructure\eCommerce.Infrastructure.csproj", "{553317F2-938A-45EA-ACB4-5DF8ABB3AD73}"
EndProject
Project("{FAE04EC0-301F-11D3-BF4B-00C04F79EFBC}") = "eCommerce.DataModel", "eCommerce.DataModel\eCommerce.DataModel.csproj", "{87CE70E0-2C97-46B8-9FB6-CBAC2DFF6681}"
EndProject
Global
	GlobalSection(SolutionConfigurationPlatforms) = preSolution
		Debug|Any CPU = Debug|Any CPU
		Release|Any CPU = Release|Any CPU
	EndGlobalSection
	GlobalSection(ProjectConfigurationPlatforms) = postSolution
		{4ADAF55D-A830-4875-90E4-31AE0DBDA1D4}.Debug|Any CPU.ActiveCfg = Debug|Any CPU
		{4ADAF55D-A830-4875-90E4-31AE0DBDA1D4}.Debug|Any CPU.Build.0 = Debug|Any CPU
		{4ADAF55D-A830-4875-90E4-31AE0DBDA1D4}.Release|Any CPU.ActiveCfg = Release|Any CPU
		{4ADAF55D-A830-4875-90E4-31AE0DBDA1D4}.Release|Any CPU.Build.0 = Release|Any CPU
		{872C9F49-50C0-44E2-B13F-A8F860EA0F2A}.Debug|Any CPU.ActiveCfg = Debug|Any CPU
		{872C9F49-50C0-44E2-B13F-A8F860EA0F2A}.Debug|Any CPU.Build.0 = Debug|Any CPU
		{872C9F49-50C0-44E2-B13F-A8F860EA0F2A}.Release|Any CPU.ActiveCfg = Release|Any CPU
		{872C9F49-50C0-44E2-B13F-A8F860EA0F2A}.Release|Any CPU.Build.0 = Release|Any CPU
		{0E489864-4D6B-44CF-9CCB-0C1E70B8F8DB}.Debug|Any CPU.ActiveCfg = Debug|Any CPU
		{0E489864-4D6B-44CF-9CCB-0C1E70B8F8DB}.Debug|Any CPU.Build.0 = Debug|Any CPU
		{0E489864-4D6B-44CF-9CCB-0C1E70B8F8DB}.Release|Any CPU.ActiveCfg = Release|Any CPU
		{0E489864-4D6B-44CF-9CCB-0C1E70B8F8DB}.Release|Any CPU.Build.0 = Release|Any CPU
		{553317F2-938A-45EA-ACB4-5DF8ABB3AD73}.Debug|Any CPU.ActiveCfg = Debug|Any CPU
		{553317F2-938A-45EA-ACB4-5DF8ABB3AD73}.Debug|Any CPU.Build.0 = Debug|Any CPU
		{553317F2-938A-45EA-ACB4-5DF8ABB3AD73}.Release|Any CPU.ActiveCfg = Release|Any CPU
		{553317F2-938A-45EA-ACB4-5DF8ABB3AD73}.Release|Any CPU.Build.0 = Release|Any CPU
		{87CE70E0-2C97-46B8-9FB6-CBAC2DFF6681}.Debug|Any CPU.ActiveCfg = Debug|Any CPU
		{87CE70E0-2C97-46B8-9FB6-CBAC2DFF6681}.Debug|Any CPU.Build.0 = Debug|Any CPU
		{87CE70E0-2C97-46B8-9FB6-CBAC2DFF6681}.Release|Any CPU.ActiveCfg = Release|Any CPU
		{87CE70E0-2C97-46B8-9FB6-CBAC2DFF6681}.Release|Any CPU.Build.0 = Release|Any CPU
	EndGlobalSection
	GlobalSection(SolutionProperties) = preSolution
		HideSolutionNode = FALSE
	EndGlobalSection
	GlobalSection(ExtensibilityGlobals) = postSolution
		SolutionGuid = {2F024DC7-5AE5-416D-B870-3D53A375CB84}
	EndGlobalSection
EndGlobal
